
Microsoft Visual Studio Solution File, Format Version 12.00
# Visual Studio 15
VisualStudioVersion = 15.0.28010.2036
MinimumVisualStudioVersion = 10.0.40219.1
Project("{FAE04EC0-301F-11D3-BF4B-00C04F79EFBC}") = "WordGuessGame", "WordGuessGame\WordGuessGame.csproj", "{375ECD6A-BE03-4BF1-96E5-92D6F354996F}"
EndProject
Project("{FAE04EC0-301F-11D3-BF4B-00C04F79EFBC}") = "TestWordGuessGame", "TestWordGuessGame\TestWordGuessGame.csproj", "{06B4C309-CAFD-4BD7-890A-79BC765CDA1C}"
EndProject
Global
	GlobalSection(SolutionConfigurationPlatforms) = preSolution
		Debug|Any CPU = Debug|Any CPU
		Release|Any CPU = Release|Any CPU
	EndGlobalSection
	GlobalSection(ProjectConfigurationPlatforms) = postSolution
		{375ECD6A-BE03-4BF1-96E5-92D6F354996F}.Debug|Any CPU.ActiveCfg = Debug|Any CPU
		{375ECD6A-BE03-4BF1-96E5-92D6F354996F}.Debug|Any CPU.Build.0 = Debug|Any CPU
		{375ECD6A-BE03-4BF1-96E5-92D6F354996F}.Release|Any CPU.ActiveCfg = Release|Any CPU
		{375ECD6A-BE03-4BF1-96E5-92D6F354996F}.Release|Any CPU.Build.0 = Release|Any CPU
		{06B4C309-CAFD-4BD7-890A-79BC765CDA1C}.Debug|Any CPU.ActiveCfg = Debug|Any CPU
		{06B4C309-CAFD-4BD7-890A-79BC765CDA1C}.Debug|Any CPU.Build.0 = Debug|Any CPU
		{06B4C309-CAFD-4BD7-890A-79BC765CDA1C}.Release|Any CPU.ActiveCfg = Release|Any CPU
		{06B4C309-CAFD-4BD7-890A-79BC765CDA1C}.Release|Any CPU.Build.0 = Release|Any CPU
	EndGlobalSection
	GlobalSection(SolutionProperties) = preSolution
		HideSolutionNode = FALSE
	EndGlobalSection
	GlobalSection(ExtensibilityGlobals) = postSolution
		SolutionGuid = {F9367A87-1D5D-48DB-8919-1180448C86E3}
	EndGlobalSection
EndGlobal
